# THIS IS AN AUTOGENERATED FILE. DO NOT EDIT THIS FILE DIRECTLY.
# yarn lockfile v1


"@ltd/j-toml@^1.29.0":
  version "1.29.0"
  resolved "https://registry.yarnpkg.com/@ltd/j-toml/-/j-toml-1.29.0.tgz#54ef5d1691da757a1c56206f9de27c043acce2ff"
  integrity sha512-Q5yaMeTAHAnCwnFu2bu+FwqKt60qJLHZx8jGKxos8KocrKu04uoV3/y/DBWqW9ilUbBFCIQm/4YZ7nMrRjTf2Q==

"@types/http-string-parser@^0.0.30":
  version "0.0.30"
  resolved "https://registry.yarnpkg.com/@types/http-string-parser/-/http-string-parser-0.0.30.tgz#a2ec779b2918afb818351342805f2283e8fb2a25"
  integrity sha512-YeB/nirRo6eCsT2QNxwsEhzy2J2k6bA0SQBheTs+9sS5UMtKWsiCaCnckSI1Fm1RAKsk5fKN+XBHfivzTH+z3g==

"@types/node@^17.0.18":
  version "17.0.18"
  resolved "https://registry.yarnpkg.com/@types/node/-/node-17.0.18.tgz#3b4fed5cfb58010e3a2be4b6e74615e4847f1074"
  integrity sha512-eKj4f/BsN/qcculZiRSujogjvp5O/k4lOW5m35NopjZM/QwLOR075a8pJW5hD+Rtdm2DaCVPENS6KtSQnUD6BA==

http-string-parser@^0.0.6:
  version "0.0.6"
  resolved "https://registry.yarnpkg.com/http-string-parser/-/http-string-parser-0.0.6.tgz#4088a1aba2b89155ce13918bcfb5cbbea6c4e7e9"
  integrity sha1-QIihq6K4kVXOE5GLz7XLvqbE5+k=

typescript@^4.5.5:
  version "4.5.5"
  resolved "https://registry.yarnpkg.com/typescript/-/typescript-4.5.5.tgz#d8c953832d28924a9e3d37c73d729c846c5896f3"
  integrity sha512-TCTIul70LyWe6IJWT8QSYeA54WQe8EjQFU4wY52Fasj5UKx88LNYKCgBEHcOMOrFF1rKGbD8v/xcNWVUq9SymA==
